
Microsoft Visual Studio Solution File, Format Version 12.00
Project("{FAE04EC0-301F-11D3-BF4B-00C04F79EFBC}") = "QuantTrader", "QuantTrader\QuantTrader.csproj", "{2F05BDDB-1079-4A1B-B1F5-B8967D195467}"
EndProject
Project("{2150E333-8FDC-42A3-9474-1A3956D46DE8}") = "src", "src", "{F0328306-BBFB-4284-BE2C-87C5A23BAE10}"
EndProject
Project("{2150E333-8FDC-42A3-9474-1A3956D46DE8}") = "tests", "tests", "{186543A9-DA84-402D-A89B-FAE249F183B9}"
EndProject
Project("{2150E333-8FDC-42A3-9474-1A3956D46DE8}") = "UI", "UI", "{865EEE0C-AF98-4E2E-9682-4FF295A374E9}"
EndProject
Project("{2150E333-8FDC-42A3-9474-1A3956D46DE8}") = "UI", "UI", "{9F13EC90-E2D1-4991-B79B-6A8D4D761E12}"
EndProject
Project("{2150E333-8FDC-42A3-9474-1A3956D46DE8}") = "Shared", "Shared", "{A52B285B-1B28-4B57-A482-B111264F4D06}"
EndProject
Project("{FAE04EC0-301F-11D3-BF4B-00C04F79EFBC}") = "QuantTrader.Shared", "QuantTrader.Shared\QuantTrader.Shared.csproj", "{97EF7A15-2294-44DB-B254-05DA540AD6FF}"
EndProject
Project("{2150E333-8FDC-42A3-9474-1A3956D46DE8}") = "Services", "Services", "{48C0F965-D838-4B5D-9CDE-D97443721A48}"
EndProject
Project("{2150E333-8FDC-42A3-9474-1A3956D46DE8}") = "Abstractions", "Abstractions", "{9DD0D808-3C85-4917-A4B9-698EE52982AE}"
EndProject
Project("{2150E333-8FDC-42A3-9474-1A3956D46DE8}") = "Implementations", "Implementations", "{0AABF36D-3DB5-4DF1-A14F-47FCA02BEE0F}"
EndProject
Project("{FAE04EC0-301F-11D3-BF4B-00C04F79EFBC}") = "QuantTrader.Services.Abstraction", "QuantTrader.Services.Abstraction\QuantTrader.Services.Abstraction.csproj", "{B09D4BE4-70F8-41DA-87CD-8C9E14ABEBC7}"
EndProject
Project("{2150E333-8FDC-42A3-9474-1A3956D46DE8}") = "Domain", "Domain", "{CFC2EC75-B51C-425D-A3E9-A7A503280A1C}"
EndProject
Project("{FAE04EC0-301F-11D3-BF4B-00C04F79EFBC}") = "QuantTrader.Entities", "QuantTrader.Entities\QuantTrader.Entities.csproj", "{6DF57C51-D885-449A-BA14-8F8DD69DA7CA}"
EndProject
Project("{FAE04EC0-301F-11D3-BF4B-00C04F79EFBC}") = "QuantTrader.Services.CoinData", "QuantTrader.Services.CoinData\QuantTrader.Services.CoinData.csproj", "{9587B5C3-8726-4A1A-8EA6-33352EE83F7E}"
EndProject
Project("{FAE04EC0-301F-11D3-BF4B-00C04F79EFBC}") = "QuantTrader.Tests", "QuantTrader.Tests\QuantTrader.Tests.csproj", "{EFAC12FF-E820-48DC-9912-6FC4FAD80751}"
EndProject
Global
	GlobalSection(SolutionConfigurationPlatforms) = preSolution
		Debug|Any CPU = Debug|Any CPU
		Release|Any CPU = Release|Any CPU
	EndGlobalSection
	GlobalSection(ProjectConfigurationPlatforms) = postSolution
		{2F05BDDB-1079-4A1B-B1F5-B8967D195467}.Debug|Any CPU.ActiveCfg = Debug|Any CPU
		{2F05BDDB-1079-4A1B-B1F5-B8967D195467}.Debug|Any CPU.Build.0 = Debug|Any CPU
		{2F05BDDB-1079-4A1B-B1F5-B8967D195467}.Release|Any CPU.ActiveCfg = Release|Any CPU
		{2F05BDDB-1079-4A1B-B1F5-B8967D195467}.Release|Any CPU.Build.0 = Release|Any CPU
		{97EF7A15-2294-44DB-B254-05DA540AD6FF}.Debug|Any CPU.ActiveCfg = Debug|Any CPU
		{97EF7A15-2294-44DB-B254-05DA540AD6FF}.Debug|Any CPU.Build.0 = Debug|Any CPU
		{97EF7A15-2294-44DB-B254-05DA540AD6FF}.Release|Any CPU.ActiveCfg = Release|Any CPU
		{97EF7A15-2294-44DB-B254-05DA540AD6FF}.Release|Any CPU.Build.0 = Release|Any CPU
		{B09D4BE4-70F8-41DA-87CD-8C9E14ABEBC7}.Debug|Any CPU.ActiveCfg = Debug|Any CPU
		{B09D4BE4-70F8-41DA-87CD-8C9E14ABEBC7}.Debug|Any CPU.Build.0 = Debug|Any CPU
		{B09D4BE4-70F8-41DA-87CD-8C9E14ABEBC7}.Release|Any CPU.ActiveCfg = Release|Any CPU
		{B09D4BE4-70F8-41DA-87CD-8C9E14ABEBC7}.Release|Any CPU.Build.0 = Release|Any CPU
		{6DF57C51-D885-449A-BA14-8F8DD69DA7CA}.Debug|Any CPU.ActiveCfg = Debug|Any CPU
		{6DF57C51-D885-449A-BA14-8F8DD69DA7CA}.Debug|Any CPU.Build.0 = Debug|Any CPU
		{6DF57C51-D885-449A-BA14-8F8DD69DA7CA}.Release|Any CPU.ActiveCfg = Release|Any CPU
		{6DF57C51-D885-449A-BA14-8F8DD69DA7CA}.Release|Any CPU.Build.0 = Release|Any CPU
		{9587B5C3-8726-4A1A-8EA6-33352EE83F7E}.Debug|Any CPU.ActiveCfg = Debug|Any CPU
		{9587B5C3-8726-4A1A-8EA6-33352EE83F7E}.Debug|Any CPU.Build.0 = Debug|Any CPU
		{9587B5C3-8726-4A1A-8EA6-33352EE83F7E}.Release|Any CPU.ActiveCfg = Release|Any CPU
		{9587B5C3-8726-4A1A-8EA6-33352EE83F7E}.Release|Any CPU.Build.0 = Release|Any CPU
		{EFAC12FF-E820-48DC-9912-6FC4FAD80751}.Debug|Any CPU.ActiveCfg = Debug|Any CPU
		{EFAC12FF-E820-48DC-9912-6FC4FAD80751}.Debug|Any CPU.Build.0 = Debug|Any CPU
		{EFAC12FF-E820-48DC-9912-6FC4FAD80751}.Release|Any CPU.ActiveCfg = Release|Any CPU
		{EFAC12FF-E820-48DC-9912-6FC4FAD80751}.Release|Any CPU.Build.0 = Release|Any CPU
	EndGlobalSection
	GlobalSection(NestedProjects) = preSolution
		{865EEE0C-AF98-4E2E-9682-4FF295A374E9} = {F0328306-BBFB-4284-BE2C-87C5A23BAE10}
		{2F05BDDB-1079-4A1B-B1F5-B8967D195467} = {865EEE0C-AF98-4E2E-9682-4FF295A374E9}
		{9F13EC90-E2D1-4991-B79B-6A8D4D761E12} = {186543A9-DA84-402D-A89B-FAE249F183B9}
		{A52B285B-1B28-4B57-A482-B111264F4D06} = {F0328306-BBFB-4284-BE2C-87C5A23BAE10}
		{97EF7A15-2294-44DB-B254-05DA540AD6FF} = {A52B285B-1B28-4B57-A482-B111264F4D06}
		{48C0F965-D838-4B5D-9CDE-D97443721A48} = {F0328306-BBFB-4284-BE2C-87C5A23BAE10}
		{9DD0D808-3C85-4917-A4B9-698EE52982AE} = {48C0F965-D838-4B5D-9CDE-D97443721A48}
		{0AABF36D-3DB5-4DF1-A14F-47FCA02BEE0F} = {48C0F965-D838-4B5D-9CDE-D97443721A48}
		{B09D4BE4-70F8-41DA-87CD-8C9E14ABEBC7} = {9DD0D808-3C85-4917-A4B9-698EE52982AE}
		{CFC2EC75-B51C-425D-A3E9-A7A503280A1C} = {F0328306-BBFB-4284-BE2C-87C5A23BAE10}
		{6DF57C51-D885-449A-BA14-8F8DD69DA7CA} = {CFC2EC75-B51C-425D-A3E9-A7A503280A1C}
		{9587B5C3-8726-4A1A-8EA6-33352EE83F7E} = {0AABF36D-3DB5-4DF1-A14F-47FCA02BEE0F}
		{EFAC12FF-E820-48DC-9912-6FC4FAD80751} = {9F13EC90-E2D1-4991-B79B-6A8D4D761E12}
	EndGlobalSection
EndGlobal
